{
  "lockfileVersion": 1,
  "workspaces": {
    "": {
      "name": "dicoding-js",
      "devDependencies": {
        "@types/bun": "latest",
        "flow-bin": "^0.276.0",
        "flow-remove-types": "^2.276.0",
        "typescript": "^5.8.3",
      },
    },
  },
  "packages": {
    "@types/bun": ["@types/bun@1.2.19", "", { "dependencies": { "bun-types": "1.2.19" } }, "sha512-d9ZCmrH3CJ2uYKXQIUuZ/pUnTqIvLDS0SK7pFmbx8ma+ziH/FRMoAq5bYpRG7y+w1gl+HgyNZbtqgMq4W4e2Lg=="],

    "@types/node": ["@types/node@24.1.0", "", { "dependencies": { "undici-types": "~7.8.0" } }, "sha512-ut5FthK5moxFKH2T1CUOC6ctR67rQRvvHdFLCD2Ql6KXmMuCrjsSsRI9UsLCm9M18BMwClv4pn327UvB7eeO1w=="],

    "@types/react": ["@types/react@19.1.8", "", { "dependencies": { "csstype": "^3.0.2" } }, "sha512-AwAfQ2Wa5bCx9WP8nZL2uMZWod7J7/JSplxbTmBQ5ms6QpqNYm672H0Vu9ZVKVngQ+ii4R/byguVEUZQyeg44g=="],

    "bun-types": ["bun-types@1.2.19", "", { "dependencies": { "@types/node": "*" }, "peerDependencies": { "@types/react": "^19" } }, "sha512-uAOTaZSPuYsWIXRpj7o56Let0g/wjihKCkeRqUBhlLVM/Bt+Fj9xTo+LhC1OV1XDaGkz4hNC80et5xgy+9KTHQ=="],

    "csstype": ["csstype@3.1.3", "", {}, "sha512-M1uQkMl8rQK/szD0LNhtqxIPLpimGm8sOBwU7lLnCpSbTyY3yeU1Vc7l4KT5zT4s/yOxHH5O7tIuuLOCnLADRw=="],

    "flow-bin": ["flow-bin@0.276.0", "", { "bin": { "flow": "cli.js" } }, "sha512-qcxqq2ZtUS7KqwRiGa3w/N/YppQuWj5vaKMH9KgLDv0QaxrUskv6iCNoTfpFg/crT0YjQk5hJ8ALdk8YVqnO0g=="],

    "flow-remove-types": ["flow-remove-types@2.276.0", "", { "dependencies": { "hermes-parser": "0.29.1", "pirates": "^3.0.2", "vlq": "^0.2.1" }, "bin": { "flow-node": "flow-node", "flow-remove-types": "flow-remove-types" } }, "sha512-8OQocuUOEGFP08J3ItfF5w9exWfmrdR1oAiBjPeAEQenDuFTSMb9M+IZU/qIoEiz+fekUqwQbzx7IDJWWE2Lfg=="],

    "hermes-estree": ["hermes-estree@0.29.1", "", {}, "sha512-jl+x31n4/w+wEqm0I2r4CMimukLbLQEYpisys5oCre611CI5fc9TxhqkBBCJ1edDG4Kza0f7CgNz8xVMLZQOmQ=="],

    "hermes-parser": ["hermes-parser@0.29.1", "", { "dependencies": { "hermes-estree": "0.29.1" } }, "sha512-xBHWmUtRC5e/UL0tI7Ivt2riA/YBq9+SiYFU7C1oBa/j2jYGlIF9043oak1F47ihuDIxQ5nbsKueYJDRY02UgA=="],

    "node-modules-regexp": ["node-modules-regexp@1.0.0", "", {}, "sha512-JMaRS9L4wSRIR+6PTVEikTrq/lMGEZR43a48ETeilY0Q0iMwVnccMFrUM1k+tNzmYuIU0Vh710bCUqHX+/+ctQ=="],

    "pirates": ["pirates@3.0.2", "", { "dependencies": { "node-modules-regexp": "^1.0.0" } }, "sha512-c5CgUJq6H2k6MJz72Ak1F5sN9n9wlSlJyEnwvpm9/y3WB4E3pHBDT2c6PEiS1vyJvq2bUxUAIu0EGf8Cx4Ic7Q=="],

    "typescript": ["typescript@5.8.3", "", { "bin": { "tsc": "bin/tsc", "tsserver": "bin/tsserver" } }, "sha512-p1diW6TqL9L07nNxvRMM7hMMw4c5XOo/1ibL4aAIGmSAt9slTE1Xgw5KWuof2uTOvCg9BY7ZRi+GaF+7sfgPeQ=="],

    "undici-types": ["undici-types@7.8.0", "", {}, "sha512-9UJ2xGDvQ43tYyVMpuHlsgApydB8ZKfVYTsLDhXkFL/6gfkp+U8xTGdh8pMJv1SpZna0zxG1DwsKZsreLbXBxw=="],

    "vlq": ["vlq@0.2.3", "", {}, "sha512-DRibZL6DsNhIgYQ+wNdWDL2SL3bKPlVrRiBqV5yuMm++op8W4kGFtaQfCs4KEJn0wBZcHVHJ3eoywX8983k1ow=="],
  }
}
