{
  "name": "dicoding-js",
  "version": "1.0.0",
  "lockfileVersion": 3,
  "requires": true,
  "packages": {
    "": {
      "name": "dicoding-js",
      "version": "1.0.0",
      "license": "ISC",
      "devDependencies": {
        "flow-bin": "^0.276.0",
        "flow-remove-types": "^2.276.0",
        "typescript": "^5.8.3"
      }
    },
    "node_modules/flow-bin": {
      "version": "0.276.0",
      "resolved": "https://registry.npmjs.org/flow-bin/-/flow-bin-0.276.0.tgz",
      "integrity": "sha512-qcxqq2ZtUS7KqwRiGa3w/N/YppQuWj5vaKMH9KgLDv0QaxrUskv6iCNoTfpFg/crT0YjQk5hJ8ALdk8YVqnO0g==",
      "dev": true,
      "license": "MIT",
      "bin": {
        "flow": "cli.js"
      },
      "engines": {
        "node": ">=0.10.0"
      }
    },
    "node_modules/flow-remove-types": {
      "version": "2.276.0",
      "resolved": "https://registry.npmjs.org/flow-remove-types/-/flow-remove-types-2.276.0.tgz",
      "integrity": "sha512-8OQocuUOEGFP08J3ItfF5w9exWfmrdR1oAiBjPeAEQenDuFTSMb9M+IZU/qIoEiz+fekUqwQbzx7IDJWWE2Lfg==",
      "dev": true,
      "license": "MIT",
      "dependencies": {
        "hermes-parser": "0.29.1",
        "pirates": "^3.0.2",
        "vlq": "^0.2.1"
      },
      "bin": {
        "flow-node": "flow-node",
        "flow-remove-types": "flow-remove-types"
      },
      "engines": {
        "node": ">=4"
      }
    },
    "node_modules/hermes-estree": {
      "version": "0.29.1",
      "resolved": "https://registry.npmjs.org/hermes-estree/-/hermes-estree-0.29.1.tgz",
      "integrity": "sha512-jl+x31n4/w+wEqm0I2r4CMimukLbLQEYpisys5oCre611CI5fc9TxhqkBBCJ1edDG4Kza0f7CgNz8xVMLZQOmQ==",
      "dev": true,
      "license": "MIT"
    },
    "node_modules/hermes-parser": {
      "version": "0.29.1",
      "resolved": "https://registry.npmjs.org/hermes-parser/-/hermes-parser-0.29.1.tgz",
      "integrity": "sha512-xBHWmUtRC5e/UL0tI7Ivt2riA/YBq9+SiYFU7C1oBa/j2jYGlIF9043oak1F47ihuDIxQ5nbsKueYJDRY02UgA==",
      "dev": true,
      "license": "MIT",
      "dependencies": {
        "hermes-estree": "0.29.1"
      }
    },
    "node_modules/node-modules-regexp": {
      "version": "1.0.0",
      "resolved": "https://registry.npmjs.org/node-modules-regexp/-/node-modules-regexp-1.0.0.tgz",
      "integrity": "sha512-JMaRS9L4wSRIR+6PTVEikTrq/lMGEZR43a48ETeilY0Q0iMwVnccMFrUM1k+tNzmYuIU0Vh710bCUqHX+/+ctQ==",
      "dev": true,
      "license": "MIT",
      "engines": {
        "node": ">=0.10.0"
      }
    },
    "node_modules/pirates": {
      "version": "3.0.2",
      "resolved": "https://registry.npmjs.org/pirates/-/pirates-3.0.2.tgz",
      "integrity": "sha512-c5CgUJq6H2k6MJz72Ak1F5sN9n9wlSlJyEnwvpm9/y3WB4E3pHBDT2c6PEiS1vyJvq2bUxUAIu0EGf8Cx4Ic7Q==",
      "dev": true,
      "license": "MIT",
      "dependencies": {
        "node-modules-regexp": "^1.0.0"
      },
      "engines": {
        "node": ">= 4"
      }
    },
    "node_modules/typescript": {
      "version": "5.8.3",
      "resolved": "https://registry.npmjs.org/typescript/-/typescript-5.8.3.tgz",
      "integrity": "sha512-p1diW6TqL9L07nNxvRMM7hMMw4c5XOo/1ibL4aAIGmSAt9slTE1Xgw5KWuof2uTOvCg9BY7ZRi+GaF+7sfgPeQ==",
      "dev": true,
      "license": "Apache-2.0",
      "bin": {
        "tsc": "bin/tsc",
        "tsserver": "bin/tsserver"
      },
      "engines": {
        "node": ">=14.17"
      }
    },
    "node_modules/vlq": {
      "version": "0.2.3",
      "resolved": "https://registry.npmjs.org/vlq/-/vlq-0.2.3.tgz",
      "integrity": "sha512-DRibZL6DsNhIgYQ+wNdWDL2SL3bKPlVrRiBqV5yuMm++op8W4kGFtaQfCs4KEJn0wBZcHVHJ3eoywX8983k1ow==",
      "dev": true,
      "license": "MIT"
    }
  }
}
